
Microsoft Visual Studio Solution File, Format Version 12.00
# Visual Studio Version 17
VisualStudioVersion = 17.7.34018.315
MinimumVisualStudioVersion = 10.0.40219.1
Project("{FAE04EC0-301F-11D3-BF4B-00C04F79EFBC}") = "LibrarySystem.PL", "LibrarySystem.Presentation\LibrarySystem.PL.csproj", "{B573F1AC-B390-4036-8FC4-F01E04EFE6F1}"
EndProject
Project("{FAE04EC0-301F-11D3-BF4B-00C04F79EFBC}") = "LibrarySystem.BL", "LibrarySystem.BL\LibrarySystem.BL.csproj", "{0222D9B8-878B-4C05-B6D4-931A68373BD5}"
EndProject
Project("{FAE04EC0-301F-11D3-BF4B-00C04F79EFBC}") = "LibrarySystem.DAL", "LibrarySystem.DAL\LibrarySystem.DAL.csproj", "{F596FB15-5938-4753-A988-76BB2A92C011}"
EndProject
Global
	GlobalSection(SolutionConfigurationPlatforms) = preSolution
		Debug|Any CPU = Debug|Any CPU
		Release|Any CPU = Release|Any CPU
	EndGlobalSection
	GlobalSection(ProjectConfigurationPlatforms) = postSolution
		{B573F1AC-B390-4036-8FC4-F01E04EFE6F1}.Debug|Any CPU.ActiveCfg = Debug|Any CPU
		{B573F1AC-B390-4036-8FC4-F01E04EFE6F1}.Debug|Any CPU.Build.0 = Debug|Any CPU
		{B573F1AC-B390-4036-8FC4-F01E04EFE6F1}.Release|Any CPU.ActiveCfg = Release|Any CPU
		{B573F1AC-B390-4036-8FC4-F01E04EFE6F1}.Release|Any CPU.Build.0 = Release|Any CPU
		{0222D9B8-878B-4C05-B6D4-931A68373BD5}.Debug|Any CPU.ActiveCfg = Debug|Any CPU
		{0222D9B8-878B-4C05-B6D4-931A68373BD5}.Debug|Any CPU.Build.0 = Debug|Any CPU
		{0222D9B8-878B-4C05-B6D4-931A68373BD5}.Release|Any CPU.ActiveCfg = Release|Any CPU
		{0222D9B8-878B-4C05-B6D4-931A68373BD5}.Release|Any CPU.Build.0 = Release|Any CPU
		{F596FB15-5938-4753-A988-76BB2A92C011}.Debug|Any CPU.ActiveCfg = Debug|Any CPU
		{F596FB15-5938-4753-A988-76BB2A92C011}.Debug|Any CPU.Build.0 = Debug|Any CPU
		{F596FB15-5938-4753-A988-76BB2A92C011}.Release|Any CPU.ActiveCfg = Release|Any CPU
		{F596FB15-5938-4753-A988-76BB2A92C011}.Release|Any CPU.Build.0 = Release|Any CPU
	EndGlobalSection
	GlobalSection(SolutionProperties) = preSolution
		HideSolutionNode = FALSE
	EndGlobalSection
	GlobalSection(ExtensibilityGlobals) = postSolution
		SolutionGuid = {0680B889-4520-4760-87A8-D29578B66A2E}
	EndGlobalSection
EndGlobal
